
Microsoft Visual Studio Solution File, Format Version 12.00
# Visual Studio 15
VisualStudioVersion = 15.0.28307.1525
MinimumVisualStudioVersion = 10.0.40219.1
Project("{FAE04EC0-301F-11D3-BF4B-00C04F79EFBC}") = "Vista", "Login\Vista.csproj", "{220A1839-21E7-4BC2-9FAB-CFE4C218F4B7}"
EndProject
Project("{FAE04EC0-301F-11D3-BF4B-00C04F79EFBC}") = "Modelo", "Modelo\Modelo.csproj", "{9A7F8ADB-8233-40FF-B456-622646B18E50}"
EndProject
Project("{FAE04EC0-301F-11D3-BF4B-00C04F79EFBC}") = "Controlador", "Controlador\Controlador.csproj", "{F07EEDD6-D7CD-4BBB-8FE8-96CDB184919E}"
EndProject
Global
	GlobalSection(SolutionConfigurationPlatforms) = preSolution
		Debug|Any CPU = Debug|Any CPU
		Release|Any CPU = Release|Any CPU
	EndGlobalSection
	GlobalSection(ProjectConfigurationPlatforms) = postSolution
		{220A1839-21E7-4BC2-9FAB-CFE4C218F4B7}.Debug|Any CPU.ActiveCfg = Debug|Any CPU
		{220A1839-21E7-4BC2-9FAB-CFE4C218F4B7}.Debug|Any CPU.Build.0 = Debug|Any CPU
		{220A1839-21E7-4BC2-9FAB-CFE4C218F4B7}.Release|Any CPU.ActiveCfg = Release|Any CPU
		{220A1839-21E7-4BC2-9FAB-CFE4C218F4B7}.Release|Any CPU.Build.0 = Release|Any CPU
		{9A7F8ADB-8233-40FF-B456-622646B18E50}.Debug|Any CPU.ActiveCfg = Debug|Any CPU
		{9A7F8ADB-8233-40FF-B456-622646B18E50}.Debug|Any CPU.Build.0 = Debug|Any CPU
		{9A7F8ADB-8233-40FF-B456-622646B18E50}.Release|Any CPU.ActiveCfg = Release|Any CPU
		{9A7F8ADB-8233-40FF-B456-622646B18E50}.Release|Any CPU.Build.0 = Release|Any CPU
		{F07EEDD6-D7CD-4BBB-8FE8-96CDB184919E}.Debug|Any CPU.ActiveCfg = Debug|Any CPU
		{F07EEDD6-D7CD-4BBB-8FE8-96CDB184919E}.Debug|Any CPU.Build.0 = Debug|Any CPU
		{F07EEDD6-D7CD-4BBB-8FE8-96CDB184919E}.Release|Any CPU.ActiveCfg = Release|Any CPU
		{F07EEDD6-D7CD-4BBB-8FE8-96CDB184919E}.Release|Any CPU.Build.0 = Release|Any CPU
	EndGlobalSection
	GlobalSection(SolutionProperties) = preSolution
		HideSolutionNode = FALSE
	EndGlobalSection
	GlobalSection(ExtensibilityGlobals) = postSolution
		SolutionGuid = {168ABE3E-ABB0-4CEA-9A30-5F835E006AC8}
	EndGlobalSection
EndGlobal
